
Microsoft Visual Studio Solution File, Format Version 12.00
# Visual Studio Version 16
VisualStudioVersion = 16.0.29728.190
MinimumVisualStudioVersion = 10.0.40219.1
Project("{FAE04EC0-301F-11D3-BF4B-00C04F79EFBC}") = "ITI.CEI40.Monitor", "ITI.CEI40.Monitor\ITI.CEI40.Monitor.csproj", "{95501FC0-49C7-4A45-9772-21DAC33B4933}"
EndProject
Global
	GlobalSection(SolutionConfigurationPlatforms) = preSolution
		Debug|Any CPU = Debug|Any CPU
		Release|Any CPU = Release|Any CPU
	EndGlobalSection
	GlobalSection(ProjectConfigurationPlatforms) = postSolution
		{95501FC0-49C7-4A45-9772-21DAC33B4933}.Debug|Any CPU.ActiveCfg = Debug|Any CPU
		{95501FC0-49C7-4A45-9772-21DAC33B4933}.Debug|Any CPU.Build.0 = Debug|Any CPU
		{95501FC0-49C7-4A45-9772-21DAC33B4933}.Release|Any CPU.ActiveCfg = Release|Any CPU
		{95501FC0-49C7-4A45-9772-21DAC33B4933}.Release|Any CPU.Build.0 = Release|Any CPU
	EndGlobalSection
	GlobalSection(SolutionProperties) = preSolution
		HideSolutionNode = FALSE
	EndGlobalSection
	GlobalSection(ExtensibilityGlobals) = postSolution
		SolutionGuid = {FD27043E-3298-42B2-B27A-BEDDE2BF7BA4}
	EndGlobalSection
EndGlobal
